
Microsoft Visual Studio Solution File, Format Version 12.00
# Visual Studio 2012
Project("{FAE04EC0-301F-11D3-BF4B-00C04F79EFBC}") = "EntityComponentSystem", "EntityComponentSystem\EntityComponentSystem.csproj", "{0563158C-F9E7-442D-B9E0-9BCC245C8BBF}"
EndProject
Project("{FAE04EC0-301F-11D3-BF4B-00C04F79EFBC}") = "SimpleCommandLine", "SimpleCommandLine\SimpleCommandLine.csproj", "{6A15B930-F44A-4105-B6A2-CDBB8D7D64EB}"
EndProject
Global
	GlobalSection(SolutionConfigurationPlatforms) = preSolution
		Debug|Any CPU = Debug|Any CPU
		Release|Any CPU = Release|Any CPU
	EndGlobalSection
	GlobalSection(ProjectConfigurationPlatforms) = postSolution
		{0563158C-F9E7-442D-B9E0-9BCC245C8BBF}.Debug|Any CPU.ActiveCfg = Debug|Any CPU
		{0563158C-F9E7-442D-B9E0-9BCC245C8BBF}.Debug|Any CPU.Build.0 = Debug|Any CPU
		{0563158C-F9E7-442D-B9E0-9BCC245C8BBF}.Release|Any CPU.ActiveCfg = Release|Any CPU
		{0563158C-F9E7-442D-B9E0-9BCC245C8BBF}.Release|Any CPU.Build.0 = Release|Any CPU
		{6A15B930-F44A-4105-B6A2-CDBB8D7D64EB}.Debug|Any CPU.ActiveCfg = Debug|Any CPU
		{6A15B930-F44A-4105-B6A2-CDBB8D7D64EB}.Debug|Any CPU.Build.0 = Debug|Any CPU
		{6A15B930-F44A-4105-B6A2-CDBB8D7D64EB}.Release|Any CPU.ActiveCfg = Release|Any CPU
		{6A15B930-F44A-4105-B6A2-CDBB8D7D64EB}.Release|Any CPU.Build.0 = Release|Any CPU
	EndGlobalSection
	GlobalSection(SolutionProperties) = preSolution
		HideSolutionNode = FALSE
	EndGlobalSection
EndGlobal
